
Microsoft Visual Studio Solution File, Format Version 12.00
Project("{FAE04EC0-301F-11D3-BF4B-00C04F79EFBC}") = "MixerApi", "MixerApi\MixerApi.csproj", "{8CE9D969-0478-4CD6-9479-7A4F88B6C251}"
EndProject
Global
	GlobalSection(SolutionConfigurationPlatforms) = preSolution
		Debug|Any CPU = Debug|Any CPU
		Release|Any CPU = Release|Any CPU
	EndGlobalSection
	GlobalSection(ProjectConfigurationPlatforms) = postSolution
		{8CE9D969-0478-4CD6-9479-7A4F88B6C251}.Debug|Any CPU.ActiveCfg = Debug|Any CPU
		{8CE9D969-0478-4CD6-9479-7A4F88B6C251}.Debug|Any CPU.Build.0 = Debug|Any CPU
		{8CE9D969-0478-4CD6-9479-7A4F88B6C251}.Release|Any CPU.ActiveCfg = Release|Any CPU
		{8CE9D969-0478-4CD6-9479-7A4F88B6C251}.Release|Any CPU.Build.0 = Release|Any CPU
	EndGlobalSection
EndGlobal
